# THIS IS AN AUTOGENERATED FILE. DO NOT EDIT THIS FILE DIRECTLY.
# yarn lockfile v1


tree-sitter-cli@^0.20.1:
  version "0.20.1"
  resolved "https://registry.yarnpkg.com/tree-sitter-cli/-/tree-sitter-cli-0.20.1.tgz#9c6f1c79fd87d2a73a232dbceae673240741d785"
  integrity sha512-I0Gp4ThRp39TDnBAaZKiogvoE85MSeL6/ILZMXbzeEo8hUsudpVhEHRE4CU+Bk5QUaiMiDkD+ZIL3gT2zZ++wg==
